<?xml version="1.0" encoding="utf-8"?>
<Project ToolsVersion="4.0" xmlns="http://schemas.microsoft.com/developer/msbuild/2003">
  <ItemGroup>
    <Filter Include="MyGame">
      <UniqueIdentifier>{93995380-89BD-4b04-88EB-625FBE52EBFB}</UniqueIdentifier>
      <Extensions>h;hh;hpp;hxx;h++;hm;inl;inc;ipp;xsd</Extensions>
    </Filter>
    <Filter Include="Collision">
      <UniqueIdentifier>{a8b2c4d5-9e7f-4b8c-9a5e-6f8d9c2e1b3a}</UniqueIdentifier>
    </Filter>
    <Filter Include="Object">
      <UniqueIdentifier>{c9c423bc-ae11-4ec8-9076-12ef0dc66417}</UniqueIdentifier>
    </Filter>
    <Filter Include="Object\Player">
      <UniqueIdentifier>{96f89a17-9a2b-440d-a2aa-684b74ce08fb}</UniqueIdentifier>
    </Filter>
    <Filter Include="Object\Player\State">
      <UniqueIdentifier>{4cb39fb4-efb0-4602-94cf-025f0769bf0e}</UniqueIdentifier>
    </Filter>
    <Filter Include="Input">
      <UniqueIdentifier>{450f4fb5-36fd-4024-bcd2-b3db6b3d4f77}</UniqueIdentifier>
    </Filter>
    <Filter Include="Object\Boss">
      <UniqueIdentifier>{2eb72ef7-09cc-4ffc-9df7-2ec9f26636ad}</UniqueIdentifier>
    </Filter>
    <Filter Include="CameraSystem">
      <UniqueIdentifier>{0312f1a8-e010-49cd-8145-fa5b444de6dd}</UniqueIdentifier>
    </Filter>
    <Filter Include="CameraSystem\CameraAnimationEditor">
      <UniqueIdentifier>{a1b2c3d4-e5f6-7890-abcd-ef1234567890}</UniqueIdentifier>
    </Filter>
    <Filter Include="CameraSystem\Controller">
      <UniqueIdentifier>{f57ae9da-7b8a-4870-ae5e-44402f6a7ed3}</UniqueIdentifier>
    </Filter>
    <Filter Include="Scene">
      <UniqueIdentifier>{67DA6AB6-F800-4c08-8B7A-83BB121AAD01}</UniqueIdentifier>
      <Extensions>rc;ico;cur;bmp;dlg;rc2;rct;bin;rgs;gif;jpg;jpeg;jpe;resx;tiff;tif;png;wav;mfcribbon-ms</Extensions>
    </Filter>
    <Filter Include="Object\Projectile">
      <UniqueIdentifier>{93d8772f-6abc-484f-8174-74dbb0339c46}</UniqueIdentifier>
    </Filter>
    <Filter Include="Object\Boss\BossBehaviorTree">
      <UniqueIdentifier>{8fadaa47-22cd-4bb9-8d8f-bdf710112485}</UniqueIdentifier>
    </Filter>
    <Filter Include="Object\Boss\BossBehaviorTree\Actions">
      <UniqueIdentifier>{85eda742-c011-4c2b-9262-01840d23b173}</UniqueIdentifier>
    </Filter>
    <Filter Include="Object\Boss\BossBehaviorTree\Conditions">
      <UniqueIdentifier>{4b1eb71d-c76e-4ef5-83ed-9bdace6a3b5c}</UniqueIdentifier>
    </Filter>
    <Filter Include="Common">
      <UniqueIdentifier>{2efc4229-8240-4c6f-8339-ac353fe07ab6}</UniqueIdentifier>
    </Filter>
    <Filter Include="UI">
      <UniqueIdentifier>{17e0d532-7c4e-47a4-b507-3c19aeb05ff7}</UniqueIdentifier>
    </Filter>
    <Filter Include="Effect">
      <UniqueIdentifier>{fd705391-fd52-4064-bca3-6fb63c78106e}</UniqueIdentifier>
    </Filter>
    <Filter Include="Object\Boss\State">
      <UniqueIdentifier>{36347a97-464a-45da-bd0b-a4064425c6fb}</UniqueIdentifier>
    </Filter>
    <Filter Include="Object\Boss\Movement">
      <UniqueIdentifier>{25c158da-6b5c-4fac-9f5e-e540c569d30e}</UniqueIdentifier>
    </Filter>
    <Filter Include="CameraSystem\CameraAnimation">
      <UniqueIdentifier>{91d85fa5-151f-4004-88ba-6c651e6f09b2}</UniqueIdentifier>
    </Filter>
    <Filter Include="Object\Boss\BossBehaviorTree\Actions\Move">
      <UniqueIdentifier>{314a5d58-46e8-49d4-b2b1-70184acdb4b6}</UniqueIdentifier>
    </Filter>
    <Filter Include="Object\Boss\BossBehaviorTree\Actions\Attack">
      <UniqueIdentifier>{c0bb8d4c-7774-4e03-8475-e4f8e5fa7fe5}</UniqueIdentifier>
    </Filter>
  </ItemGroup>
  <ItemGroup>
    <ClCompile Include="MyGame\MyGame.cpp">
      <Filter>MyGame</Filter>
    </ClCompile>
    <ClCompile Include="Scene\GameScene.cpp">
      <Filter>Scene</Filter>
    </ClCompile>
    <ClCompile Include="Scene\SceneFactory.cpp">
      <Filter>Scene</Filter>
    </ClCompile>
    <ClCompile Include="Scene\TitleScene.cpp">
      <Filter>Scene</Filter>
    </ClCompile>
    <ClCompile Include="main.cpp" />
    <ClCompile Include="Object\Player\State\IdleState.cpp">
      <Filter>Object\Player\State</Filter>
    </ClCompile>
    <ClCompile Include="Object\Player\State\PlayerState.cpp">
      <Filter>Object\Player\State</Filter>
    </ClCompile>
    <ClCompile Include="Object\Player\State\PlayerStateMachine.cpp">
      <Filter>Object\Player\State</Filter>
    </ClCompile>
    <ClCompile Include="Object\Player\State\MoveState.cpp">
      <Filter>Object\Player\State</Filter>
    </ClCompile>
    <ClCompile Include="Object\Player\Player.cpp">
      <Filter>Object\Player</Filter>
    </ClCompile>
    <ClCompile Include="Object\Player\State\AttackState.cpp">
      <Filter>Object\Player\State</Filter>
    </ClCompile>
    <ClCompile Include="Object\Player\State\DashState.cpp">
      <Filter>Object\Player\State</Filter>
    </ClCompile>
    <ClCompile Include="Object\Player\State\ParryState.cpp">
      <Filter>Object\Player\State</Filter>
    </ClCompile>
    <ClCompile Include="Object\Player\State\ShootState.cpp">
      <Filter>Object\Player\State</Filter>
    </ClCompile>
    <ClCompile Include="Input\InputHandler.cpp">
      <Filter>Input</Filter>
    </ClCompile>
    <ClCompile Include="Object\Boss\Boss.cpp">
      <Filter>Object\Boss</Filter>
    </ClCompile>
    <ClCompile Include="Object\Boss\BossPhaseManager.cpp">
      <Filter>Object\Boss</Filter>
    </ClCompile>
    <ClCompile Include="Scene\ResultScene.cpp">
      <Filter>Scene</Filter>
    </ClCompile>
    <ClCompile Include="CameraSystem\CameraDebugUI.cpp">
      <Filter>CameraSystem</Filter>
    </ClCompile>
    <ClCompile Include="CameraSystem\CameraAnimationEditor\CameraAnimationEditor.cpp">
      <Filter>CameraSystem\CameraAnimationEditor</Filter>
    </ClCompile>
    <ClCompile Include="CameraSystem\CameraAnimationEditor\CameraAnimationTimeline.cpp">
      <Filter>CameraSystem\CameraAnimationEditor</Filter>
    </ClCompile>
    <ClCompile Include="CameraSystem\CameraAnimationEditor\CameraAnimationCurveEditor.cpp">
      <Filter>CameraSystem\CameraAnimationEditor</Filter>
    </ClCompile>
    <ClCompile Include="CameraSystem\CameraAnimationEditor\CameraAnimationHistory.cpp">
      <Filter>CameraSystem\CameraAnimationEditor</Filter>
    </ClCompile>
    <ClCompile Include="CameraSystem\CameraManager.cpp">
      <Filter>CameraSystem</Filter>
    </ClCompile>
    <ClCompile Include="CameraSystem\Controller\CameraAnimationController.cpp">
      <Filter>CameraSystem\Controller</Filter>
    </ClCompile>
    <ClCompile Include="CameraSystem\Controller\ThirdPersonController.cpp">
      <Filter>CameraSystem\Controller</Filter>
    </ClCompile>
    <ClCompile Include="CameraSystem\Controller\TopDownController.cpp">
      <Filter>CameraSystem\Controller</Filter>
    </ClCompile>
    <ClCompile Include="Collision\MeleeAttackCollider.cpp">
      <Filter>Collision</Filter>
    </ClCompile>
    <ClCompile Include="Object\Projectile\BossBullet.cpp">
      <Filter>Object\Projectile</Filter>
    </ClCompile>
    <ClCompile Include="Object\Projectile\Projectile.cpp">
      <Filter>Object\Projectile</Filter>
    </ClCompile>
    <ClCompile Include="Collision\BulletCollider.cpp">
      <Filter>Collision</Filter>
    </ClCompile>
    <ClCompile Include="Object\Boss\BossBehaviorTree\Actions\BTBossRepelShockwave.cpp">
      <Filter>Object\Boss\BossBehaviorTree\Actions</Filter>
    </ClCompile>
    <ClCompile Include="Object\Boss\BossBehaviorTree\Conditions\BTBossDistanceCondition.cpp">
      <Filter>Object\Boss\BossBehaviorTree\Conditions</Filter>
    </ClCompile>
    <ClCompile Include="Object\Boss\BossBehaviorTree\Conditions\BTBossPlayerShootingCondition.cpp">
      <Filter>Object\Boss\BossBehaviorTree\Conditions</Filter>
    </ClCompile>
    <ClCompile Include="Object\Boss\BossBehaviorTree\Conditions\BTBossHPCondition.cpp">
      <Filter>Object\Boss\BossBehaviorTree\Conditions</Filter>
    </ClCompile>
    <ClCompile Include="Object\Boss\BossBehaviorTree\Conditions\BTBossPhaseCondition.cpp">
      <Filter>Object\Boss\BossBehaviorTree\Conditions</Filter>
    </ClCompile>
    <ClCompile Include="Object\Boss\BossBehaviorTree\BossNodeFactory.cpp">
      <Filter>Object\Boss\BossBehaviorTree</Filter>
    </ClCompile>
    <ClCompile Include="CameraAnimation\CameraAnimation.cpp">
      <Filter>CameraSystem\CameraAnimation</Filter>
    </ClCompile>
    <ClCompile Include="Object\Projectile\PlayerBullet.cpp">
      <Filter>Object\Projectile</Filter>
    </ClCompile>
    <ClCompile Include="Collision\BossMeleeAttackCollider.cpp">
      <Filter>Collision</Filter>
    </ClCompile>
    <ClCompile Include="Common\CooldownTimer.cpp">
      <Filter>Common</Filter>
    </ClCompile>
    <ClCompile Include="Common\DamageFeedback.cpp">
      <Filter>Common</Filter>
    </ClCompile>
    <ClCompile Include="Common\EasingMover.cpp">
      <Filter>Common</Filter>
    </ClCompile>
    <ClCompile Include="Common\BulletSpawner.cpp">
      <Filter>Common</Filter>
    </ClCompile>
    <ClCompile Include="UI\HPBarUI.cpp">
      <Filter>UI</Filter>
    </ClCompile>
    <ClCompile Include="Effect\BossBorderParticleManager.cpp">
      <Filter>Effect</Filter>
    </ClCompile>
    <ClCompile Include="Effect\ClearEffectManager.cpp">
      <Filter>Effect</Filter>
    </ClCompile>
    <ClCompile Include="Effect\DashEffectManager.cpp">
      <Filter>Effect</Filter>
    </ClCompile>
    <ClCompile Include="Effect\OverEffectManager.cpp">
      <Filter>Effect</Filter>
    </ClCompile>
    <ClCompile Include="Effect\TransitionEffectBase.cpp">
      <Filter>Effect</Filter>
    </ClCompile>
    <ClCompile Include="UI\ControllerUI.cpp">
      <Filter>UI</Filter>
    </ClCompile>
    <ClCompile Include="Effect\BulletSignEffect.cpp">
      <Filter>Effect</Filter>
    </ClCompile>
    <ClCompile Include="Object\Projectile\PenetratingBossBullet.cpp">
      <Filter>Object\Projectile</Filter>
    </ClCompile>
    <ClCompile Include="Object\Projectile\ProjectileManager.cpp">
      <Filter>Object\Projectile</Filter>
    </ClCompile>
    <ClCompile Include="Effect\ShakeEffect.cpp">
      <Filter>Effect</Filter>
    </ClCompile>
    <ClCompile Include="Effect\HitFlashEffect.cpp">
      <Filter>Effect</Filter>
    </ClCompile>
    <ClCompile Include="UI\PauseMenu.cpp">
      <Filter>UI</Filter>
    </ClCompile>
    <ClCompile Include="Object\Boss\State\BossDeadState.cpp">
      <Filter>Object\Boss\State</Filter>
    </ClCompile>
    <ClCompile Include="Object\Boss\State\BossNormalState.cpp">
      <Filter>Object\Boss\State</Filter>
    </ClCompile>
    <ClCompile Include="Object\Boss\State\BossPhaseTransitionStunState.cpp">
      <Filter>Object\Boss\State</Filter>
    </ClCompile>
    <ClCompile Include="Object\Boss\State\BossRetreatingState.cpp">
      <Filter>Object\Boss\State</Filter>
    </ClCompile>
    <ClCompile Include="Object\Boss\State\BossStateMachine.cpp">
      <Filter>Object\Boss\State</Filter>
    </ClCompile>
    <ClCompile Include="Object\Boss\State\BossStunnedState.cpp">
      <Filter>Object\Boss\State</Filter>
    </ClCompile>
    <ClCompile Include="Collision\BossAreaAttackCollider.cpp">
      <Filter>Collision</Filter>
    </ClCompile>
    <ClCompile Include="Collision\MeteorImpactCollider.cpp">
      <Filter>Collision</Filter>
    </ClCompile>
    <ClCompile Include="Collision\RingColliderGroup.cpp">
      <Filter>Collision</Filter>
    </ClCompile>
    <ClCompile Include="Object\Boss\Movement\BossAreaBounds.cpp">
      <Filter>Object\Boss\Movement</Filter>
    </ClCompile>
    <ClCompile Include="Object\Boss\Movement\BossRetreatExecutor.cpp">
      <Filter>Object\Boss\Movement</Filter>
    </ClCompile>
    <ClCompile Include="Object\Boss\BossBehaviorTree\Actions\BTBossApproach.cpp">
      <Filter>Object\Boss\BossBehaviorTree\Actions\Move</Filter>
    </ClCompile>
    <ClCompile Include="Object\Boss\BossBehaviorTree\Actions\BTBossDash.cpp">
      <Filter>Object\Boss\BossBehaviorTree\Actions\Move</Filter>
    </ClCompile>
    <ClCompile Include="Object\Boss\BossBehaviorTree\Actions\BTBossIdle.cpp">
      <Filter>Object\Boss\BossBehaviorTree\Actions\Move</Filter>
    </ClCompile>
    <ClCompile Include="Object\Boss\BossBehaviorTree\Actions\BTBossRetreat.cpp">
      <Filter>Object\Boss\BossBehaviorTree\Actions\Move</Filter>
    </ClCompile>
    <ClCompile Include="Object\Boss\BossBehaviorTree\Actions\BTBossTeleport.cpp">
      <Filter>Object\Boss\BossBehaviorTree\Actions\Move</Filter>
    </ClCompile>
    <ClCompile Include="Object\Boss\BossBehaviorTree\Actions\BTBossAreaAttack.cpp">
      <Filter>Object\Boss\BossBehaviorTree\Actions\Attack</Filter>
    </ClCompile>
    <ClCompile Include="Object\Boss\BossBehaviorTree\Actions\BTBossBarrage.cpp">
      <Filter>Object\Boss\BossBehaviorTree\Actions\Attack</Filter>
    </ClCompile>
    <ClCompile Include="Object\Boss\BossBehaviorTree\Actions\BTBossMeleeAttack.cpp">
      <Filter>Object\Boss\BossBehaviorTree\Actions\Attack</Filter>
    </ClCompile>
    <ClCompile Include="Object\Boss\BossBehaviorTree\Actions\BTBossMeteorRain.cpp">
      <Filter>Object\Boss\BossBehaviorTree\Actions\Attack</Filter>
    </ClCompile>
    <ClCompile Include="Object\Boss\BossBehaviorTree\Actions\BTBossRapidFire.cpp">
      <Filter>Object\Boss\BossBehaviorTree\Actions\Attack</Filter>
    </ClCompile>
    <ClCompile Include="Object\Boss\BossBehaviorTree\Actions\BTBossShoot.cpp">
      <Filter>Object\Boss\BossBehaviorTree\Actions\Attack</Filter>
    </ClCompile>
    <ClCompile Include="Object\Boss\BossBehaviorTree\Actions\BTBossSlashAttack.cpp">
      <Filter>Object\Boss\BossBehaviorTree\Actions\Attack</Filter>
    </ClCompile>
    <ClCompile Include="Object\Boss\BossBehaviorTree\Actions\BTBossTrackingLaser.cpp">
      <Filter>Object\Boss\BossBehaviorTree\Actions\Attack</Filter>
    </ClCompile>
    <ClCompile Include="Object\Boss\BossBehaviorTree\Actions\BTBossRingShockwave.cpp">
      <Filter>Object\Boss\BossBehaviorTree\Actions\Attack</Filter>
    </ClCompile>
    <ClCompile Include="Object\Boss\BossBehaviorTree\Actions\BTBossBigExplosion.cpp">
      <Filter>Object\Boss\BossBehaviorTree\Actions\Attack</Filter>
    </ClCompile>
    <ClCompile Include="Object\Boss\BossBehaviorTree\Actions\BTBossBulletRain.cpp">
      <Filter>Object\Boss\BossBehaviorTree\Actions\Attack</Filter>
    </ClCompile>
    <ClCompile Include="Object\Boss\BossBehaviorTree\Actions\BTBossVortexTempest.cpp">
      <Filter>Object\Boss\BossBehaviorTree\Actions\Attack</Filter>
    </ClCompile>
    <ClCompile Include="Object\Boss\BossBehaviorTree\Actions\BTBossWideShoot.cpp">
      <Filter>Object\Boss\BossBehaviorTree\Actions\Attack</Filter>
    </ClCompile>
    <ClCompile Include="Object\Boss\BossBehaviorTree\Actions\AttackNode.cpp">
      <Filter>Object\Boss\BossBehaviorTree\Actions\Attack</Filter>
    </ClCompile>
  </ItemGroup>
  <ItemGroup>
    <ClInclude Include="Collision\CollisionTypeId.h">
      <Filter>Collision</Filter>
    </ClInclude>
    <ClInclude Include="MyGame\MyGame.h">
      <Filter>MyGame</Filter>
    </ClInclude>
    <ClInclude Include="Scene\GameScene.h">
      <Filter>Scene</Filter>
    </ClInclude>
    <ClInclude Include="Scene\SceneFactory.h">
      <Filter>Scene</Filter>
    </ClInclude>
    <ClInclude Include="Scene\TitleScene.h">
      <Filter>Scene</Filter>
    </ClInclude>
    <ClInclude Include="Object\Player\State\IdleState.h">
      <Filter>Object\Player\State</Filter>
    </ClInclude>
    <ClInclude Include="Object\Player\State\PlayerState.h">
      <Filter>Object\Player\State</Filter>
    </ClInclude>
    <ClInclude Include="Object\Player\State\PlayerStateMachine.h">
      <Filter>Object\Player\State</Filter>
    </ClInclude>
    <ClInclude Include="Object\Player\State\MoveState.h">
      <Filter>Object\Player\State</Filter>
    </ClInclude>
    <ClInclude Include="Object\Player\Player.h">
      <Filter>Object\Player</Filter>
    </ClInclude>
    <ClInclude Include="Object\Player\State\AttackState.h">
      <Filter>Object\Player\State</Filter>
    </ClInclude>
    <ClInclude Include="Object\Player\State\DashState.h">
      <Filter>Object\Player\State</Filter>
    </ClInclude>
    <ClInclude Include="Object\Player\State\ParryState.h">
      <Filter>Object\Player\State</Filter>
    </ClInclude>
    <ClInclude Include="Object\Player\State\ShootState.h">
      <Filter>Object\Player\State</Filter>
    </ClInclude>
    <ClInclude Include="Input\InputHandler.h">
      <Filter>Input</Filter>
    </ClInclude>
    <ClInclude Include="Object\Boss\Boss.h">
      <Filter>Object\Boss</Filter>
    </ClInclude>
    <ClInclude Include="Object\Boss\BossPhaseManager.h">
      <Filter>Object\Boss</Filter>
    </ClInclude>
    <ClInclude Include="Scene\ResultScene.h">
      <Filter>Scene</Filter>
    </ClInclude>
    <ClInclude Include="CameraSystem\CameraConfig.h">
      <Filter>CameraSystem</Filter>
    </ClInclude>
    <ClInclude Include="CameraSystem\CameraDebugUI.h">
      <Filter>CameraSystem</Filter>
    </ClInclude>
    <ClInclude Include="CameraSystem\CameraAnimationEditor\CameraAnimationEditor.h">
      <Filter>CameraSystem\CameraAnimationEditor</Filter>
    </ClInclude>
    <ClInclude Include="CameraSystem\CameraAnimationEditor\CameraAnimationTimeline.h">
      <Filter>CameraSystem\CameraAnimationEditor</Filter>
    </ClInclude>
    <ClInclude Include="CameraSystem\CameraAnimationEditor\CameraAnimationCurveEditor.h">
      <Filter>CameraSystem\CameraAnimationEditor</Filter>
    </ClInclude>
    <ClInclude Include="CameraSystem\CameraAnimationEditor\CameraAnimationHistory.h">
      <Filter>CameraSystem\CameraAnimationEditor</Filter>
    </ClInclude>
    <ClInclude Include="CameraSystem\CameraManager.h">
      <Filter>CameraSystem</Filter>
    </ClInclude>
    <ClInclude Include="CameraSystem\Controller\CameraAnimationController.h">
      <Filter>CameraSystem\Controller</Filter>
    </ClInclude>
    <ClInclude Include="CameraSystem\Controller\ThirdPersonController.h">
      <Filter>CameraSystem\Controller</Filter>
    </ClInclude>
    <ClInclude Include="CameraSystem\Controller\ICameraController.h">
      <Filter>CameraSystem\Controller</Filter>
    </ClInclude>
    <ClInclude Include="CameraSystem\Controller\TopDownController.h">
      <Filter>CameraSystem\Controller</Filter>
    </ClInclude>
    <ClInclude Include="Collision\MeleeAttackCollider.h">
      <Filter>Collision</Filter>
    </ClInclude>
    <ClInclude Include="Object\Projectile\BossBullet.h">
      <Filter>Object\Projectile</Filter>
    </ClInclude>
    <ClInclude Include="Object\Projectile\Projectile.h">
      <Filter>Object\Projectile</Filter>
    </ClInclude>
    <ClInclude Include="Collision\BulletCollider.h">
      <Filter>Collision</Filter>
    </ClInclude>
    <ClInclude Include="Object\Boss\BossBehaviorTree\Actions\BTBossRepelShockwave.h">
      <Filter>Object\Boss\BossBehaviorTree\Actions</Filter>
    </ClInclude>
    <ClInclude Include="Object\Boss\BossBehaviorTree\Conditions\BTBossDistanceCondition.h">
      <Filter>Object\Boss\BossBehaviorTree\Conditions</Filter>
    </ClInclude>
    <ClInclude Include="Object\Boss\BossBehaviorTree\Conditions\BTBossPlayerShootingCondition.h">
      <Filter>Object\Boss\BossBehaviorTree\Conditions</Filter>
    </ClInclude>
    <ClInclude Include="Object\Boss\BossBehaviorTree\Conditions\BTBossHPCondition.h">
      <Filter>Object\Boss\BossBehaviorTree\Conditions</Filter>
    </ClInclude>
    <ClInclude Include="Object\Boss\BossBehaviorTree\Conditions\BTBossPhaseCondition.h">
      <Filter>Object\Boss\BossBehaviorTree\Conditions</Filter>
    </ClInclude>
    <ClInclude Include="Common\GameConst.h">
      <Filter>Common</Filter>
    </ClInclude>
    <ClInclude Include="Common\ForceFieldAffectMask.h">
      <Filter>Common</Filter>
    </ClInclude>
    <ClInclude Include="Object\Boss\BossBehaviorTree\BossNodeFactory.h">
      <Filter>Object\Boss\BossBehaviorTree</Filter>
    </ClInclude>
    <ClInclude Include="CameraAnimation\CameraAnimation.h">
      <Filter>CameraSystem\CameraAnimation</Filter>
    </ClInclude>
    <ClInclude Include="CameraAnimation\CameraKeyframe.h">
      <Filter>CameraSystem\CameraAnimation</Filter>
    </ClInclude>
    <ClInclude Include="Object\Projectile\PlayerBullet.h">
      <Filter>Object\Projectile</Filter>
    </ClInclude>
    <ClInclude Include="Collision\BossMeleeAttackCollider.h">
      <Filter>Collision</Filter>
    </ClInclude>
    <ClInclude Include="Common\BulletSpawnRequest.h">
      <Filter>Common</Filter>
    </ClInclude>
    <ClInclude Include="Common\CooldownTimer.h">
      <Filter>Common</Filter>
    </ClInclude>
    <ClInclude Include="Common\DamageFeedback.h">
      <Filter>Common</Filter>
    </ClInclude>
    <ClInclude Include="Common\EasingMover.h">
      <Filter>Common</Filter>
    </ClInclude>
    <ClInclude Include="Common\BulletSpawner.h">
      <Filter>Common</Filter>
    </ClInclude>
    <ClInclude Include="Common\DynamicBoundary.h">
      <Filter>Common</Filter>
    </ClInclude>
    <ClInclude Include="UI\HPBarUI.h">
      <Filter>UI</Filter>
    </ClInclude>
    <ClInclude Include="Effect\BossBorderParticleManager.h">
      <Filter>Effect</Filter>
    </ClInclude>
    <ClInclude Include="Effect\ClearEffectManager.h">
      <Filter>Effect</Filter>
    </ClInclude>
    <ClInclude Include="Effect\DashEffectManager.h">
      <Filter>Effect</Filter>
    </ClInclude>
    <ClInclude Include="Effect\OverEffectManager.h">
      <Filter>Effect</Filter>
    </ClInclude>
    <ClInclude Include="Effect\TransitionEffectBase.h">
      <Filter>Effect</Filter>
    </ClInclude>
    <ClInclude Include="UI\ControllerUI.h">
      <Filter>UI</Filter>
    </ClInclude>
    <ClInclude Include="Effect\BulletSignEffect.h">
      <Filter>Effect</Filter>
    </ClInclude>
    <ClInclude Include="Object\Projectile\PenetratingBossBullet.h">
      <Filter>Object\Projectile</Filter>
    </ClInclude>
    <ClInclude Include="Object\Projectile\ProjectileManager.h">
      <Filter>Object\Projectile</Filter>
    </ClInclude>
    <ClInclude Include="Effect\ShakeEffect.h">
      <Filter>Effect</Filter>
    </ClInclude>
    <ClInclude Include="Effect\HitFlashEffect.h">
      <Filter>Effect</Filter>
    </ClInclude>
    <ClInclude Include="UI\PauseMenu.h">
      <Filter>UI</Filter>
    </ClInclude>
    <ClInclude Include="Object\Boss\State\BossDeadState.h">
      <Filter>Object\Boss\State</Filter>
    </ClInclude>
    <ClInclude Include="Object\Boss\State\BossNormalState.h">
      <Filter>Object\Boss\State</Filter>
    </ClInclude>
    <ClInclude Include="Object\Boss\State\BossPhaseTransitionStunState.h">
      <Filter>Object\Boss\State</Filter>
    </ClInclude>
    <ClInclude Include="Object\Boss\State\BossRetreatingState.h">
      <Filter>Object\Boss\State</Filter>
    </ClInclude>
    <ClInclude Include="Object\Boss\State\BossState.h">
      <Filter>Object\Boss\State</Filter>
    </ClInclude>
    <ClInclude Include="Object\Boss\State\BossStateMachine.h">
      <Filter>Object\Boss\State</Filter>
    </ClInclude>
    <ClInclude Include="Object\Boss\State\BossStunnedState.h">
      <Filter>Object\Boss\State</Filter>
    </ClInclude>
    <ClInclude Include="Collision\BossAreaAttackCollider.h">
      <Filter>Collision</Filter>
    </ClInclude>
    <ClInclude Include="Collision\MeteorImpactCollider.h">
      <Filter>Collision</Filter>
    </ClInclude>
    <ClInclude Include="Collision\RingColliderGroup.h">
      <Filter>Collision</Filter>
    </ClInclude>
    <ClInclude Include="Collision\PlayerHitResolver.h">
      <Filter>Collision</Filter>
    </ClInclude>
    <ClInclude Include="Object\Boss\Movement\BossAreaBounds.h">
      <Filter>Object\Boss\Movement</Filter>
    </ClInclude>
    <ClInclude Include="Object\Boss\Movement\BossRetreatExecutor.h">
      <Filter>Object\Boss\Movement</Filter>
    </ClInclude>
    <ClInclude Include="Object\Boss\BossBehaviorTree\Actions\BTBossApproach.h">
      <Filter>Object\Boss\BossBehaviorTree\Actions\Move</Filter>
    </ClInclude>
    <ClInclude Include="Object\Boss\BossBehaviorTree\Actions\BTBossDash.h">
      <Filter>Object\Boss\BossBehaviorTree\Actions\Move</Filter>
    </ClInclude>
    <ClInclude Include="Object\Boss\BossBehaviorTree\Actions\BTBossIdle.h">
      <Filter>Object\Boss\BossBehaviorTree\Actions\Move</Filter>
    </ClInclude>
    <ClInclude Include="Object\Boss\BossBehaviorTree\Actions\BTBossRetreat.h">
      <Filter>Object\Boss\BossBehaviorTree\Actions\Move</Filter>
    </ClInclude>
    <ClInclude Include="Object\Boss\BossBehaviorTree\Actions\BTBossTeleport.h">
      <Filter>Object\Boss\BossBehaviorTree\Actions\Move</Filter>
    </ClInclude>
    <ClInclude Include="Object\Boss\BossBehaviorTree\Actions\BTBossAreaAttack.h">
      <Filter>Object\Boss\BossBehaviorTree\Actions\Attack</Filter>
    </ClInclude>
    <ClInclude Include="Object\Boss\BossBehaviorTree\Actions\BTBossBarrage.h">
      <Filter>Object\Boss\BossBehaviorTree\Actions\Attack</Filter>
    </ClInclude>
    <ClInclude Include="Object\Boss\BossBehaviorTree\Actions\BTBossMeleeAttack.h">
      <Filter>Object\Boss\BossBehaviorTree\Actions\Attack</Filter>
    </ClInclude>
    <ClInclude Include="Object\Boss\BossBehaviorTree\Actions\BTBossMeteorRain.h">
      <Filter>Object\Boss\BossBehaviorTree\Actions\Attack</Filter>
    </ClInclude>
    <ClInclude Include="Object\Boss\BossBehaviorTree\Actions\BTBossRapidFire.h">
      <Filter>Object\Boss\BossBehaviorTree\Actions\Attack</Filter>
    </ClInclude>
    <ClInclude Include="Object\Boss\BossBehaviorTree\Actions\BTBossShoot.h">
      <Filter>Object\Boss\BossBehaviorTree\Actions\Attack</Filter>
    </ClInclude>
    <ClInclude Include="Object\Boss\BossBehaviorTree\Actions\BTBossSlashAttack.h">
      <Filter>Object\Boss\BossBehaviorTree\Actions\Attack</Filter>
    </ClInclude>
    <ClInclude Include="Object\Boss\BossBehaviorTree\Actions\BTBossTrackingLaser.h">
      <Filter>Object\Boss\BossBehaviorTree\Actions\Attack</Filter>
    </ClInclude>
    <ClInclude Include="Object\Boss\BossBehaviorTree\Actions\BTBossRingShockwave.h">
      <Filter>Object\Boss\BossBehaviorTree\Actions\Attack</Filter>
    </ClInclude>
    <ClInclude Include="Object\Boss\BossBehaviorTree\Actions\BTBossBigExplosion.h">
      <Filter>Object\Boss\BossBehaviorTree\Actions\Attack</Filter>
    </ClInclude>
    <ClInclude Include="Object\Boss\BossBehaviorTree\Actions\BTBossBulletRain.h">
      <Filter>Object\Boss\BossBehaviorTree\Actions\Attack</Filter>
    </ClInclude>
    <ClInclude Include="Object\Boss\BossBehaviorTree\Actions\BTBossVortexTempest.h">
      <Filter>Object\Boss\BossBehaviorTree\Actions\Attack</Filter>
    </ClInclude>
    <ClInclude Include="Object\Boss\BossBehaviorTree\Actions\BTBossWideShoot.h">
      <Filter>Object\Boss\BossBehaviorTree\Actions\Attack</Filter>
    </ClInclude>
    <ClInclude Include="Object\Boss\BossBehaviorTree\Actions\AttackNode.h">
      <Filter>Object\Boss\BossBehaviorTree\Actions\Attack</Filter>
    </ClInclude>
  </ItemGroup>
</Project>